// !$*UTF8*$!
{
	archiveVersion = 1;
	classes = {
	};
	objectVersion = 48;
	objects = {

/* Begin PBXBuildFile section */
		96A55A572137004D00AE66EA /* AppDelegate.swift in Sources */ = {isa = PBXBuildFile; fileRef = 96A55A562137004D00AE66EA /* AppDelegate.swift */; };
		96A55A592137004D00AE66EA /* ViewController.swift in Sources */ = {isa = PBXBuildFile; fileRef = 96A55A582137004D00AE66EA /* ViewController.swift */; };
		96A55A5C2137004D00AE66EA /* Main.storyboard in Resources */ = {isa = PBXBuildFile; fileRef = 96A55A5A2137004D00AE66EA /* Main.storyboard */; };
		96A55A5E2137004D00AE66EA /* Assets.xcassets in Resources */ = {isa = PBXBuildFile; fileRef = 96A55A5D2137004D00AE66EA /* Assets.xcassets */; };
		96A55A612137004D00AE66EA /* LaunchScreen.storyboard in Resources */ = {isa = PBXBuildFile; fileRef = 96A55A5F2137004D00AE66EA /* LaunchScreen.storyboard */; };
		96A55A6C2137004D00AE66EA /* TippyTests.swift in Sources */ = {isa = PBXBuildFile; fileRef = 96A55A6B2137004D00AE66EA /* TippyTests.swift */; };
		96A55A772137004D00AE66EA /* TippyUITests.swift in Sources */ = {isa = PBXBuildFile; fileRef = 96A55A762137004D00AE66EA /* TippyUITests.swift */; };
/* End PBXBuildFile section */

/* Begin PBXContainerItemProxy section */
		96A55A682137004D00AE66EA /* PBXContainerItemProxy */ = {
			isa = PBXContainerItemProxy;
			containerPortal = 96A55A4B2137004D00AE66EA /* Project object */;
			proxyType = 1;
			remoteGlobalIDString = 96A55A522137004D00AE66EA;
			remoteInfo = Tippy;
		};
		96A55A732137004D00AE66EA /* PBXContainerItemProxy */ = {
			isa = PBXContainerItemProxy;
			containerPortal = 96A55A4B2137004D00AE66EA /* Project object */;
			proxyType = 1;
			remoteGlobalIDString = 96A55A522137004D00AE66EA;
			remoteInfo = Tippy;
		};
/* End PBXContainerItemProxy section */

/* Begin PBXFileReference section */
		96A55A532137004D00AE66EA /* Tippy.app */ = {isa = PBXFileReference; explicitFileType = wrapper.application; includeInIndex = 0; path = Tippy.app; sourceTree = BUILT_PRODUCTS_DIR; };
		96A55A562137004D00AE66EA /* AppDelegate.swift */ = {isa = PBXFileReference; lastKnownFileType = sourcecode.swift; path = AppDelegate.swift; sourceTree = "<group>"; };
		96A55A582137004D00AE66EA /* ViewController.swift */ = {isa = PBXFileReference; lastKnownFileType = sourcecode.swift; path = ViewController.swift; sourceTree = "<group>"; };
		96A55A5B2137004D00AE66EA /* Base */ = {isa = PBXFileReference; lastKnownFileType = file.storyboard; name = Base; path = Base.lproj/Main.storyboard; sourceTree = "<group>"; };
		96A55A5D2137004D00AE66EA /* Assets.xcassets */ = {isa = PBXFileReference; lastKnownFileType = folder.assetcatalog; path = Assets.xcassets; sourceTree = "<group>"; };
		96A55A602137004D00AE66EA /* Base */ = {isa = PBXFileReference; lastKnownFileType = file.storyboard; name = Base; path = Base.lproj/LaunchScreen.storyboard; sourceTree = "<group>"; };
		96A55A622137004D00AE66EA /* Info.plist */ = {isa = PBXFileReference; lastKnownFileType = text.plist.xml; path = Info.plist; sourceTree = "<group>"; };
		96A55A672137004D00AE66EA /* TippyTests.xctest */ = {isa = PBXFileReference; explicitFileType = wrapper.cfbundle; includeInIndex = 0; path = TippyTests.xctest; sourceTree = BUILT_PRODUCTS_DIR; };
		96A55A6B2137004D00AE66EA /* TippyTests.swift */ = {isa = PBXFileReference; lastKnownFileType = sourcecode.swift; path = TippyTests.swift; sourceTree = "<group>"; };
		96A55A6D2137004D00AE66EA /* Info.plist */ = {isa = PBXFileReference; lastKnownFileType = text.plist.xml; path = Info.plist; sourceTree = "<group>"; };
		96A55A722137004D00AE66EA /* TippyUITests.xctest */ = {isa = PBXFileReference; explicitFileType = wrapper.cfbundle; includeInIndex = 0; path = TippyUITests.xctest; sourceTree = BUILT_PRODUCTS_DIR; };
		96A55A762137004D00AE66EA /* TippyUITests.swift */ = {isa = PBXFileReference; lastKnownFileType = sourcecode.swift; path = TippyUITests.swift; sourceTree = "<group>"; };
		96A55A782137004D00AE66EA /* Info.plist */ = {isa = PBXFileReference; lastKnownFileType = text.plist.xml; path = Info.plist; sourceTree = "<group>"; };
/* End PBXFileReference section */

/* Begin PBXFrameworksBuildPhase section */
		96A55A502137004D00AE66EA /* Frameworks */ = {
			isa = PBXFrameworksBuildPhase;
			buildActionMask = 2147483647;
			files = (
			);
			runOnlyForDeploymentPostprocessing = 0;
		};
		96A55A642137004D00AE66EA /* Frameworks */ = {
			isa = PBXFrameworksBuildPhase;
			buildActionMask = 2147483647;
			files = (
			);
			runOnlyForDeploymentPostprocessing = 0;
		};
		96A55A6F2137004D00AE66EA /* Frameworks */ = {
			isa = PBXFrameworksBuildPhase;
			buildActionMask = 2147483647;
			files = (
			);
			runOnlyForDeploymentPostprocessing = 0;
		};
/* End PBXFrameworksBuildPhase section */

/* Begin PBXGroup section */
		96A55A4A2137004D00AE66EA = {
			isa = PBXGroup;
			children = (
				96A55A552137004D00AE66EA /* Tippy */,
				96A55A6A2137004D00AE66EA /* TippyTests */,
				96A55A752137004D00AE66EA /* TippyUITests */,
				96A55A542137004D00AE66EA /* Products */,
			);
			sourceTree = "<group>";
		};
		96A55A542137004D00AE66EA /* Products */ = {
			isa = PBXGroup;
			children = (
				96A55A532137004D00AE66EA /* Tippy.app */,
				96A55A672137004D00AE66EA /* TippyTests.xctest */,
				96A55A722137004D00AE66EA /* TippyUITests.xctest */,
			);
			name = Products;
			sourceTree = "<group>";
		};
		96A55A552137004D00AE66EA /* Tippy */ = {
			isa = PBXGroup;
			children = (
				96A55A562137004D00AE66EA /* AppDelegate.swift */,
				96A55A582137004D00AE66EA /* ViewController.swift */,
				96A55A5A2137004D00AE66EA /* Main.storyboard */,
				96A55A5D2137004D00AE66EA /* Assets.xcassets */,
				96A55A5F2137004D00AE66EA /* LaunchScreen.storyboard */,
				96A55A622137004D00AE66EA /* Info.plist */,
			);
			path = Tippy;
			sourceTree = "<group>";
		};
		96A55A6A2137004D00AE66EA /* TippyTests */ = {
			isa = PBXGroup;
			children = (
				96A55A6B2137004D00AE66EA /* TippyTests.swift */,
				96A55A6D2137004D00AE66EA /* Info.plist */,
			);
			path = TippyTests;
			sourceTree = "<group>";
		};
		96A55A752137004D00AE66EA /* TippyUITests */ = {
			isa = PBXGroup;
			children = (
				96A55A762137004D00AE66EA /* TippyUITests.swift */,
				96A55A782137004D00AE66EA /* Info.plist */,
			);
			path = TippyUITests;
			sourceTree = "<group>";
		};
/* End PBXGroup section */

/* Begin PBXNativeTarget section */
		96A55A522137004D00AE66EA /* Tippy */ = {
			isa = PBXNativeTarget;
			buildConfigurationList = 96A55A7B2137004D00AE66EA /* Build configuration list for PBXNativeTarget "Tippy" */;
			buildPhases = (
				96A55A4F2137004D00AE66EA /* Sources */,
				96A55A502137004D00AE66EA /* Frameworks */,
				96A55A512137004D00AE66EA /* Resources */,
			);
			buildRules = (
			);
			dependencies = (
			);
			name = Tippy;
			productName = Tippy;
			productReference = 96A55A532137004D00AE66EA /* Tippy.app */;
			productType = "com.apple.product-type.application";
		};
		96A55A662137004D00AE66EA /* TippyTests */ = {
			isa = PBXNativeTarget;
			buildConfigurationList = 96A55A7E2137004D00AE66EA /* Build configuration list for PBXNativeTarget "TippyTests" */;
			buildPhases = (
				96A55A632137004D00AE66EA /* Sources */,
				96A55A642137004D00AE66EA /* Frameworks */,
				96A55A652137004D00AE66EA /* Resources */,
			);
			buildRules = (
			);
			dependencies = (
				96A55A692137004D00AE66EA /* PBXTargetDependency */,
			);
			name = TippyTests;
			productName = TippyTests;
			productReference = 96A55A672137004D00AE66EA /* TippyTests.xctest */;
			productType = "com.apple.product-type.bundle.unit-test";
		};
		96A55A712137004D00AE66EA /* TippyUITests */ = {
			isa = PBXNativeTarget;
			buildConfigurationList = 96A55A812137004D00AE66EA /* Build configuration list for PBXNativeTarget "TippyUITests" */;
			buildPhases = (
				96A55A6E2137004D00AE66EA /* Sources */,
				96A55A6F2137004D00AE66EA /* Frameworks */,
				96A55A702137004D00AE66EA /* Resources */,
			);
			buildRules = (
			);
			dependencies = (
				96A55A742137004D00AE66EA /* PBXTargetDependency */,
			);
			name = TippyUITests;
			productName = TippyUITests;
			productReference = 96A55A722137004D00AE66EA /* TippyUITests.xctest */;
			productType = "com.apple.product-type.bundle.ui-testing";
		};
/* End PBXNativeTarget section */

/* Begin PBXProject section */
		96A55A4B2137004D00AE66EA /* Project object */ = {
			isa = PBXProject;
			attributes = {
				LastSwiftUpdateCheck = 0920;
				LastUpgradeCheck = 0920;
				ORGANIZATIONNAME = "Brandon Shimizu";
				TargetAttributes = {
					96A55A522137004D00AE66EA = {
						CreatedOnToolsVersion = 9.2;
						ProvisioningStyle = Automatic;
					};
					96A55A662137004D00AE66EA = {
						CreatedOnToolsVersion = 9.2;
						ProvisioningStyle = Automatic;
						TestTargetID = 96A55A522137004D00AE66EA;
					};
					96A55A712137004D00AE66EA = {
						CreatedOnToolsVersion = 9.2;
						ProvisioningStyle = Automatic;
						TestTargetID = 96A55A522137004D00AE66EA;
					};
				};
			};
			buildConfigurationList = 96A55A4E2137004D00AE66EA /* Build configuration list for PBXProject "Tippy" */;
			compatibilityVersion = "Xcode 8.0";
			developmentRegion = en;
			hasScannedForEncodings = 0;
			knownRegions = (
				en,
				Base,
			);
			mainGroup = 96A55A4A2137004D00AE66EA;
			productRefGroup = 96A55A542137004D00AE66EA /* Products */;
			projectDirPath = "";
			projectRoot = "";
			targets = (
				96A55A522137004D00AE66EA /* Tippy */,
				96A55A662137004D00AE66EA /* TippyTests */,
				96A55A712137004D00AE66EA /* TippyUITests */,
			);
		};
/* End PBXProject section */

/* Begin PBXResourcesBuildPhase section */
		96A55A512137004D00AE66EA /* Resources */ = {
			isa = PBXResourcesBuildPhase;
			buildActionMask = 2147483647;
			files = (
				96A55A612137004D00AE66EA /* LaunchScreen.storyboard in Resources */,
				96A55A5E2137004D00AE66EA /* Assets.xcassets in Resources */,
				96A55A5C2137004D00AE66EA /* Main.storyboard in Resources */,
			);
			runOnlyForDeploymentPostprocessing = 0;
		};
		96A55A652137004D00AE66EA /* Resources */ = {
			isa = PBXResourcesBuildPhase;
			buildActionMask = 2147483647;
			files = (
			);
			runOnlyForDeploymentPostprocessing = 0;
		};
		96A55A702137004D00AE66EA /* Resources */ = {
			isa = PBXResourcesBuildPhase;
			buildActionMask = 2147483647;
			files = (
			);
			runOnlyForDeploymentPostprocessing = 0;
		};
/* End PBXResourcesBuildPhase section */

/* Begin PBXSourcesBuildPhase section */
		96A55A4F2137004D00AE66EA /* Sources */ = {
			isa = PBXSourcesBuildPhase;
			buildActionMask = 2147483647;
			files = (
				96A55A592137004D00AE66EA /* ViewController.swift in Sources */,
				96A55A572137004D00AE66EA /* AppDelegate.swift in Sources */,
			);
			runOnlyForDeploymentPostprocessing = 0;
		};
		96A55A632137004D00AE66EA /* Sources */ = {
			isa = PBXSourcesBuildPhase;
			buildActionMask = 2147483647;
			files = (
				96A55A6C2137004D00AE66EA /* TippyTests.swift in Sources */,
			);
			runOnlyForDeploymentPostprocessing = 0;
		};
		96A55A6E2137004D00AE66EA /* Sources */ = {
			isa = PBXSourcesBuildPhase;
			buildActionMask = 2147483647;
			files = (
				96A55A772137004D00AE66EA /* TippyUITests.swift in Sources */,
			);
			runOnlyForDeploymentPostprocessing = 0;
		};
/* End PBXSourcesBuildPhase section */

/* Begin PBXTargetDependency section */
		96A55A692137004D00AE66EA /* PBXTargetDependency */ = {
			isa = PBXTargetDependency;
			target = 96A55A522137004D00AE66EA /* Tippy */;
			targetProxy = 96A55A682137004D00AE66EA /* PBXContainerItemProxy */;
		};
		96A55A742137004D00AE66EA /* PBXTargetDependency */ = {
			isa = PBXTargetDependency;
			target = 96A55A522137004D00AE66EA /* Tippy */;
			targetProxy = 96A55A732137004D00AE66EA /* PBXContainerItemProxy */;
		};
/* End PBXTargetDependency section */

/* Begin PBXVariantGroup section */
		96A55A5A2137004D00AE66EA /* Main.storyboard */ = {
			isa = PBXVariantGroup;
			children = (
				96A55A5B2137004D00AE66EA /* Base */,
			);
			name = Main.storyboard;
			sourceTree = "<group>";
		};
		96A55A5F2137004D00AE66EA /* LaunchScreen.storyboard */ = {
			isa = PBXVariantGroup;
			children = (
				96A55A602137004D00AE66EA /* Base */,
			);
			name = LaunchScreen.storyboard;
			sourceTree = "<group>";
		};
/* End PBXVariantGroup section */

/* Begin XCBuildConfiguration section */
		96A55A792137004D00AE66EA /* Debug */ = {
			isa = XCBuildConfiguration;
			buildSettings = {
				ALWAYS_SEARCH_USER_PATHS = NO;
				CLANG_ANALYZER_NONNULL = YES;
				CLANG_ANALYZER_NUMBER_OBJECT_CONVERSION = YES_AGGRESSIVE;
				CLANG_CXX_LANGUAGE_STANDARD = "gnu++14";
				CLANG_CXX_LIBRARY = "libc++";
				CLANG_ENABLE_MODULES = YES;
				CLANG_ENABLE_OBJC_ARC = YES;
				CLANG_WARN_BLOCK_CAPTURE_AUTORELEASING = YES;
				CLANG_WARN_BOOL_CONVERSION = YES;
				CLANG_WARN_COMMA = YES;
				CLANG_WARN_CONSTANT_CONVERSION = YES;
				CLANG_WARN_DIRECT_OBJC_ISA_USAGE = YES_ERROR;
				CLANG_WARN_DOCUMENTATION_COMMENTS = YES;
				CLANG_WARN_EMPTY_BODY = YES;
				CLANG_WARN_ENUM_CONVERSION = YES;
				CLANG_WARN_INFINITE_RECURSION = YES;
				CLANG_WARN_INT_CONVERSION = YES;
				CLANG_WARN_NON_LITERAL_NULL_CONVERSION = YES;
				CLANG_WARN_OBJC_LITERAL_CONVERSION = YES;
				CLANG_WARN_OBJC_ROOT_CLASS = YES_ERROR;
				CLANG_WARN_RANGE_LOOP_ANALYSIS = YES;
				CLANG_WARN_STRICT_PROTOTYPES = YES;
				CLANG_WARN_SUSPICIOUS_MOVE = YES;
				CLANG_WARN_UNGUARDED_AVAILABILITY = YES_AGGRESSIVE;
				CLANG_WARN_UNREACHABLE_CODE = YES;
				CLANG_WARN__DUPLICATE_METHOD_MATCH = YES;
				CODE_SIGN_IDENTITY = "iPhone Developer";
				COPY_PHASE_STRIP = NO;
				DEBUG_INFORMATION_FORMAT = dwarf;
				ENABLE_STRICT_OBJC_MSGSEND = YES;
				ENABLE_TESTABILITY = YES;
				GCC_C_LANGUAGE_STANDARD = gnu11;
				GCC_DYNAMIC_NO_PIC = NO;
				GCC_NO_COMMON_BLOCKS = YES;
				GCC_OPTIMIZATION_LEVEL = 0;
				GCC_PREPROCESSOR_DEFINITIONS = (
					"DEBUG=1",
					"$(inherited)",
				);
				GCC_WARN_64_TO_32_BIT_CONVERSION = YES;
				GCC_WARN_ABOUT_RETURN_TYPE = YES_ERROR;
				GCC_WARN_UNDECLARED_SELECTOR = YES;
				GCC_WARN_UNINITIALIZED_AUTOS = YES_AGGRESSIVE;
				GCC_WARN_UNUSED_FUNCTION = YES;
				GCC_WARN_UNUSED_VARIABLE = YES;
				IPHONEOS_DEPLOYMENT_TARGET = 11.2;
				MTL_ENABLE_DEBUG_INFO = YES;
				ONLY_ACTIVE_ARCH = YES;
				SDKROOT = iphoneos;
				SWIFT_ACTIVE_COMPILATION_CONDITIONS = DEBUG;
				SWIFT_OPTIMIZATION_LEVEL = "-Onone";
			};
			name = Debug;
		};
		96A55A7A2137004D00AE66EA /* Release */ = {
			isa = XCBuildConfiguration;
			buildSettings = {
				ALWAYS_SEARCH_USER_PATHS = NO;
				CLANG_ANALYZER_NONNULL = YES;
				CLANG_ANALYZER_NUMBER_OBJECT_CONVERSION = YES_AGGRESSIVE;
				CLANG_CXX_LANGUAGE_STANDARD = "gnu++14";
				CLANG_CXX_LIBRARY = "libc++";
				CLANG_ENABLE_MODULES = YES;
				CLANG_ENABLE_OBJC_ARC = YES;
				CLANG_WARN_BLOCK_CAPTURE_AUTORELEASING = YES;
				CLANG_WARN_BOOL_CONVERSION = YES;
				CLANG_WARN_COMMA = YES;
				CLANG_WARN_CONSTANT_CONVERSION = YES;
				CLANG_WARN_DIRECT_OBJC_ISA_USAGE = YES_ERROR;
				CLANG_WARN_DOCUMENTATION_COMMENTS = YES;
				CLANG_WARN_EMPTY_BODY = YES;
				CLANG_WARN_ENUM_CONVERSION = YES;
				CLANG_WARN_INFINITE_RECURSION = YES;
				CLANG_WARN_INT_CONVERSION = YES;
				CLANG_WARN_NON_LITERAL_NULL_CONVERSION = YES;
				CLANG_WARN_OBJC_LITERAL_CONVERSION = YES;
				CLANG_WARN_OBJC_ROOT_CLASS = YES_ERROR;
				CLANG_WARN_RANGE_LOOP_ANALYSIS = YES;
				CLANG_WARN_STRICT_PROTOTYPES = YES;
				CLANG_WARN_SUSPICIOUS_MOVE = YES;
				CLANG_WARN_UNGUARDED_AVAILABILITY = YES_AGGRESSIVE;
				CLANG_WARN_UNREACHABLE_CODE = YES;
				CLANG_WARN__DUPLICATE_METHOD_MATCH = YES;
				CODE_SIGN_IDENTITY = "iPhone Developer";
				COPY_PHASE_STRIP = NO;
				DEBUG_INFORMATION_FORMAT = "dwarf-with-dsym";
				ENABLE_NS_ASSERTIONS = NO;
				ENABLE_STRICT_OBJC_MSGSEND = YES;
				GCC_C_LANGUAGE_STANDARD = gnu11;
				GCC_NO_COMMON_BLOCKS = YES;
				GCC_WARN_64_TO_32_BIT_CONVERSION = YES;
				GCC_WARN_ABOUT_RETURN_TYPE = YES_ERROR;
				GCC_WARN_UNDECLARED_SELECTOR = YES;
				GCC_WARN_UNINITIALIZED_AUTOS = YES_AGGRESSIVE;
				GCC_WARN_UNUSED_FUNCTION = YES;
				GCC_WARN_UNUSED_VARIABLE = YES;
				IPHONEOS_DEPLOYMENT_TARGET = 11.2;
				MTL_ENABLE_DEBUG_INFO = NO;
				SDKROOT = iphoneos;
				SWIFT_OPTIMIZATION_LEVEL = "-Owholemodule";
				VALIDATE_PRODUCT = YES;
			};
			name = Release;
		};
		96A55A7C2137004D00AE66EA /* Debug */ = {
			isa = XCBuildConfiguration;
			buildSettings = {
				ASSETCATALOG_COMPILER_APPICON_NAME = AppIcon;
				CODE_SIGN_STYLE = Automatic;
				INFOPLIST_FILE = Tippy/Info.plist;
				LD_RUNPATH_SEARCH_PATHS = "$(inherited) @executable_path/Frameworks";
				PRODUCT_BUNDLE_IDENTIFIER = com.brandon.tippy.Tippy;
				PRODUCT_NAME = "$(TARGET_NAME)";
				SWIFT_VERSION = 4.0;
				TARGETED_DEVICE_FAMILY = "1,2";
			};
			name = Debug;
		};
		96A55A7D2137004D00AE66EA /* Release */ = {
			isa = XCBuildConfiguration;
			buildSettings = {
				ASSETCATALOG_COMPILER_APPICON_NAME = AppIcon;
				CODE_SIGN_STYLE = Automatic;
				INFOPLIST_FILE = Tippy/Info.plist;
				LD_RUNPATH_SEARCH_PATHS = "$(inherited) @executable_path/Frameworks";
				PRODUCT_BUNDLE_IDENTIFIER = com.brandon.tippy.Tippy;
				PRODUCT_NAME = "$(TARGET_NAME)";
				SWIFT_VERSION = 4.0;
				TARGETED_DEVICE_FAMILY = "1,2";
			};
			name = Release;
		};
		96A55A7F2137004D00AE66EA /* Debug */ = {
			isa = XCBuildConfiguration;
			buildSettings = {
				ALWAYS_EMBED_SWIFT_STANDARD_LIBRARIES = YES;
				BUNDLE_LOADER = "$(TEST_HOST)";
				CODE_SIGN_STYLE = Automatic;
				INFOPLIST_FILE = TippyTests/Info.plist;
				LD_RUNPATH_SEARCH_PATHS = "$(inherited) @executable_path/Frameworks @loader_path/Frameworks";
				PRODUCT_BUNDLE_IDENTIFIER = com.brandon.tippy.TippyTests;
				PRODUCT_NAME = "$(TARGET_NAME)";
				SWIFT_VERSION = 4.0;
				TARGETED_DEVICE_FAMILY = "1,2";
				TEST_HOST = "$(BUILT_PRODUCTS_DIR)/Tippy.app/Tippy";
			};
			name = Debug;
		};
		96A55A802137004D00AE66EA /* Release */ = {
			isa = XCBuildConfiguration;
			buildSettings = {
				ALWAYS_EMBED_SWIFT_STANDARD_LIBRARIES = YES;
				BUNDLE_LOADER = "$(TEST_HOST)";
				CODE_SIGN_STYLE = Automatic;
				INFOPLIST_FILE = TippyTests/Info.plist;
				LD_RUNPATH_SEARCH_PATHS = "$(inherited) @executable_path/Frameworks @loader_path/Frameworks";
				PRODUCT_BUNDLE_IDENTIFIER = com.brandon.tippy.TippyTests;
				PRODUCT_NAME = "$(TARGET_NAME)";
				SWIFT_VERSION = 4.0;
				TARGETED_DEVICE_FAMILY = "1,2";
				TEST_HOST = "$(BUILT_PRODUCTS_DIR)/Tippy.app/Tippy";
			};
			name = Release;
		};
		96A55A822137004D00AE66EA /* Debug */ = {
			isa = XCBuildConfiguration;
			buildSettings = {
				ALWAYS_EMBED_SWIFT_STANDARD_LIBRARIES = YES;
				CODE_SIGN_STYLE = Automatic;
				INFOPLIST_FILE = TippyUITests/Info.plist;
				LD_RUNPATH_SEARCH_PATHS = "$(inherited) @executable_path/Frameworks @loader_path/Frameworks";
				PRODUCT_BUNDLE_IDENTIFIER = com.brandon.tippy.TippyUITests;
				PRODUCT_NAME = "$(TARGET_NAME)";
				SWIFT_VERSION = 4.0;
				TARGETED_DEVICE_FAMILY = "1,2";
				TEST_TARGET_NAME = Tippy;
			};
			name = Debug;
		};
		96A55A832137004D00AE66EA /* Release */ = {
			isa = XCBuildConfiguration;
			buildSettings = {
				ALWAYS_EMBED_SWIFT_STANDARD_LIBRARIES = YES;
				CODE_SIGN_STYLE = Automatic;
				INFOPLIST_FILE = TippyUITests/Info.plist;
				LD_RUNPATH_SEARCH_PATHS = "$(inherited) @executable_path/Frameworks @loader_path/Frameworks";
				PRODUCT_BUNDLE_IDENTIFIER = com.brandon.tippy.TippyUITests;
				PRODUCT_NAME = "$(TARGET_NAME)";
				SWIFT_VERSION = 4.0;
				TARGETED_DEVICE_FAMILY = "1,2";
				TEST_TARGET_NAME = Tippy;
			};
			name = Release;
		};
/* End XCBuildConfiguration section */

/* Begin XCConfigurationList section */
		96A55A4E2137004D00AE66EA /* Build configuration list for PBXProject "Tippy" */ = {
			isa = XCConfigurationList;
			buildConfigurations = (
				96A55A792137004D00AE66EA /* Debug */,
				96A55A7A2137004D00AE66EA /* Release */,
			);
			defaultConfigurationIsVisible = 0;
			defaultConfigurationName = Release;
		};
		96A55A7B2137004D00AE66EA /* Build configuration list for PBXNativeTarget "Tippy" */ = {
			isa = XCConfigurationList;
			buildConfigurations = (
				96A55A7C2137004D00AE66EA /* Debug */,
				96A55A7D2137004D00AE66EA /* Release */,
			);
			defaultConfigurationIsVisible = 0;
			defaultConfigurationName = Release;
		};
		96A55A7E2137004D00AE66EA /* Build configuration list for PBXNativeTarget "TippyTests" */ = {
			isa = XCConfigurationList;
			buildConfigurations = (
				96A55A7F2137004D00AE66EA /* Debug */,
				96A55A802137004D00AE66EA /* Release */,
			);
			defaultConfigurationIsVisible = 0;
			defaultConfigurationName = Release;
		};
		96A55A812137004D00AE66EA /* Build configuration list for PBXNativeTarget "TippyUITests" */ = {
			isa = XCConfigurationList;
			buildConfigurations = (
				96A55A822137004D00AE66EA /* Debug */,
				96A55A832137004D00AE66EA /* Release */,
			);
			defaultConfigurationIsVisible = 0;
			defaultConfigurationName = Release;
		};
/* End XCConfigurationList section */
	};
	rootObject = 96A55A4B2137004D00AE66EA /* Project object */;
}
